
Microsoft Visual Studio Solution File, Format Version 12.00
# Visual Studio 2013
VisualStudioVersion = 12.0.31101.0
MinimumVisualStudioVersion = 10.0.40219.1
Project("{FAE04EC0-301F-11D3-BF4B-00C04F79EFBC}") = "WindowsSoundRandomiser", "WindowsSoundRandomiser\WindowsSoundRandomiser.csproj", "{C9BF6C2E-8AE8-4487-A573-7B4B7D190C6C}"
EndProject
Project("{54435603-DBB4-11D2-8724-00A0C9A8B90C}") = "WSRSetup", "WSRSetup\WSRSetup.vdproj", "{96959A1B-DF58-408A-B4DA-826BB01F0F9E}"
EndProject
Global
	GlobalSection(SolutionConfigurationPlatforms) = preSolution
		Debug|Any CPU = Debug|Any CPU
		Release|Any CPU = Release|Any CPU
	EndGlobalSection
	GlobalSection(ProjectConfigurationPlatforms) = postSolution
		{C9BF6C2E-8AE8-4487-A573-7B4B7D190C6C}.Debug|Any CPU.ActiveCfg = Debug|Any CPU
		{C9BF6C2E-8AE8-4487-A573-7B4B7D190C6C}.Debug|Any CPU.Build.0 = Debug|Any CPU
		{C9BF6C2E-8AE8-4487-A573-7B4B7D190C6C}.Release|Any CPU.ActiveCfg = Release|Any CPU
		{C9BF6C2E-8AE8-4487-A573-7B4B7D190C6C}.Release|Any CPU.Build.0 = Release|Any CPU
		{96959A1B-DF58-408A-B4DA-826BB01F0F9E}.Debug|Any CPU.ActiveCfg = Debug
		{96959A1B-DF58-408A-B4DA-826BB01F0F9E}.Release|Any CPU.ActiveCfg = Release
	EndGlobalSection
	GlobalSection(SolutionProperties) = preSolution
		HideSolutionNode = FALSE
	EndGlobalSection
EndGlobal
